
Microsoft Visual Studio Solution File, Format Version 12.00
# Visual Studio Version 16
VisualStudioVersion = 16.0.31112.23
MinimumVisualStudioVersion = 10.0.40219.1
Project("{FAE04EC0-301F-11D3-BF4B-00C04F79EFBC}") = "Deliverable1", "Deliverable1\Deliverable1.csproj", "{BC8F3639-29C7-4B96-91B1-368ACCD3CB48}"
EndProject
Global
	GlobalSection(SolutionConfigurationPlatforms) = preSolution
		Debug|Any CPU = Debug|Any CPU
		Release|Any CPU = Release|Any CPU
	EndGlobalSection
	GlobalSection(ProjectConfigurationPlatforms) = postSolution
		{BC8F3639-29C7-4B96-91B1-368ACCD3CB48}.Debug|Any CPU.ActiveCfg = Debug|Any CPU
		{BC8F3639-29C7-4B96-91B1-368ACCD3CB48}.Debug|Any CPU.Build.0 = Debug|Any CPU
		{BC8F3639-29C7-4B96-91B1-368ACCD3CB48}.Release|Any CPU.ActiveCfg = Release|Any CPU
		{BC8F3639-29C7-4B96-91B1-368ACCD3CB48}.Release|Any CPU.Build.0 = Release|Any CPU
	EndGlobalSection
	GlobalSection(SolutionProperties) = preSolution
		HideSolutionNode = FALSE
	EndGlobalSection
	GlobalSection(ExtensibilityGlobals) = postSolution
		SolutionGuid = {0D80C8C6-D8E6-4AD3-A0B0-CB514B1D0BFF}
	EndGlobalSection
EndGlobal
